
Microsoft Visual Studio Solution File, Format Version 12.00
# Visual Studio Version 17
VisualStudioVersion = 17.11.35208.52
MinimumVisualStudioVersion = 10.0.40219.1
Project("{2150E333-8FDC-42A3-9474-1A3956D46DE8}") = "Services", "Services", "{92FF352F-13E3-470E-BC69-0E44ACC2D596}"
EndProject
Project("{2150E333-8FDC-42A3-9474-1A3956D46DE8}") = "Catalog", "Catalog", "{22441056-4756-4F50-B105-D6DB0083B388}"
EndProject
Project("{9A19103F-16F7-4668-BE54-9A1E7A4F7556}") = "Catalog.API", "Services\Catalog\Catalog.API\Catalog.API.csproj", "{9C90F414-46F6-42BC-A31E-82E80EF1B26C}"
EndProject
Project("{2150E333-8FDC-42A3-9474-1A3956D46DE8}") = "BuildingBlocks", "BuildingBlocks", "{5CC50737-0B0F-4DC4-BA01-16B352A70F09}"
EndProject
Project("{9A19103F-16F7-4668-BE54-9A1E7A4F7556}") = "BuildingBlocks", "BuildingBlocks\BuildingBlocks\BuildingBlocks.csproj", "{E7A50E43-3BA8-4B4B-8120-F12D2C2180A3}"
EndProject
Project("{E53339B2-1760-4266-BCC7-CA923CBCF16C}") = "docker-compose", "docker-compose.dcproj", "{95458C5D-1444-46A3-97D8-1DCAD883C897}"
EndProject
Project("{2150E333-8FDC-42A3-9474-1A3956D46DE8}") = "Basket", "Basket", "{6660C9A9-D120-4D1C-845A-DFD91EE3E927}"
EndProject
Project("{9A19103F-16F7-4668-BE54-9A1E7A4F7556}") = "Basket.API", "Services\Basket\Basket.API\Basket.API.csproj", "{51DE2BEA-F656-4704-AB9E-BC9E6BCED6C0}"
EndProject
Project("{2150E333-8FDC-42A3-9474-1A3956D46DE8}") = "Discount", "Discount", "{FE1CE1B8-7ADD-4F2B-9C2B-8498EF2396B9}"
EndProject
Project("{9A19103F-16F7-4668-BE54-9A1E7A4F7556}") = "Discount.Grpc", "Services\Discount\Discount.Grpc\Discount.Grpc.csproj", "{C64B5A0E-5FAC-4A1D-A512-2830E5021C46}"
EndProject
Project("{2150E333-8FDC-42A3-9474-1A3956D46DE8}") = "Ordering", "Ordering", "{9ACBCA37-5F49-4A89-85FF-52C0332E74CB}"
EndProject
Project("{FAE04EC0-301F-11D3-BF4B-00C04F79EFBC}") = "Ordering.API", "Services\Ordering\Ordering.API\Ordering.API.csproj", "{90688D1E-22F5-4E6D-96A1-83312A499A0D}"
EndProject
Global
	GlobalSection(SolutionConfigurationPlatforms) = preSolution
		Debug|Any CPU = Debug|Any CPU
		Release|Any CPU = Release|Any CPU
	EndGlobalSection
	GlobalSection(ProjectConfigurationPlatforms) = postSolution
		{9C90F414-46F6-42BC-A31E-82E80EF1B26C}.Debug|Any CPU.ActiveCfg = Debug|Any CPU
		{9C90F414-46F6-42BC-A31E-82E80EF1B26C}.Debug|Any CPU.Build.0 = Debug|Any CPU
		{9C90F414-46F6-42BC-A31E-82E80EF1B26C}.Release|Any CPU.ActiveCfg = Release|Any CPU
		{9C90F414-46F6-42BC-A31E-82E80EF1B26C}.Release|Any CPU.Build.0 = Release|Any CPU
		{E7A50E43-3BA8-4B4B-8120-F12D2C2180A3}.Debug|Any CPU.ActiveCfg = Debug|Any CPU
		{E7A50E43-3BA8-4B4B-8120-F12D2C2180A3}.Debug|Any CPU.Build.0 = Debug|Any CPU
		{E7A50E43-3BA8-4B4B-8120-F12D2C2180A3}.Release|Any CPU.ActiveCfg = Release|Any CPU
		{E7A50E43-3BA8-4B4B-8120-F12D2C2180A3}.Release|Any CPU.Build.0 = Release|Any CPU
		{95458C5D-1444-46A3-97D8-1DCAD883C897}.Debug|Any CPU.ActiveCfg = Debug|Any CPU
		{95458C5D-1444-46A3-97D8-1DCAD883C897}.Debug|Any CPU.Build.0 = Debug|Any CPU
		{95458C5D-1444-46A3-97D8-1DCAD883C897}.Release|Any CPU.ActiveCfg = Release|Any CPU
		{95458C5D-1444-46A3-97D8-1DCAD883C897}.Release|Any CPU.Build.0 = Release|Any CPU
		{51DE2BEA-F656-4704-AB9E-BC9E6BCED6C0}.Debug|Any CPU.ActiveCfg = Debug|Any CPU
		{51DE2BEA-F656-4704-AB9E-BC9E6BCED6C0}.Debug|Any CPU.Build.0 = Debug|Any CPU
		{51DE2BEA-F656-4704-AB9E-BC9E6BCED6C0}.Release|Any CPU.ActiveCfg = Release|Any CPU
		{51DE2BEA-F656-4704-AB9E-BC9E6BCED6C0}.Release|Any CPU.Build.0 = Release|Any CPU
		{C64B5A0E-5FAC-4A1D-A512-2830E5021C46}.Debug|Any CPU.ActiveCfg = Debug|Any CPU
		{C64B5A0E-5FAC-4A1D-A512-2830E5021C46}.Debug|Any CPU.Build.0 = Debug|Any CPU
		{C64B5A0E-5FAC-4A1D-A512-2830E5021C46}.Release|Any CPU.ActiveCfg = Release|Any CPU
		{C64B5A0E-5FAC-4A1D-A512-2830E5021C46}.Release|Any CPU.Build.0 = Release|Any CPU
		{90688D1E-22F5-4E6D-96A1-83312A499A0D}.Debug|Any CPU.ActiveCfg = Debug|Any CPU
		{90688D1E-22F5-4E6D-96A1-83312A499A0D}.Debug|Any CPU.Build.0 = Debug|Any CPU
		{90688D1E-22F5-4E6D-96A1-83312A499A0D}.Release|Any CPU.ActiveCfg = Release|Any CPU
		{90688D1E-22F5-4E6D-96A1-83312A499A0D}.Release|Any CPU.Build.0 = Release|Any CPU
	EndGlobalSection
	GlobalSection(SolutionProperties) = preSolution
		HideSolutionNode = FALSE
	EndGlobalSection
	GlobalSection(NestedProjects) = preSolution
		{22441056-4756-4F50-B105-D6DB0083B388} = {92FF352F-13E3-470E-BC69-0E44ACC2D596}
		{9C90F414-46F6-42BC-A31E-82E80EF1B26C} = {22441056-4756-4F50-B105-D6DB0083B388}
		{E7A50E43-3BA8-4B4B-8120-F12D2C2180A3} = {5CC50737-0B0F-4DC4-BA01-16B352A70F09}
		{6660C9A9-D120-4D1C-845A-DFD91EE3E927} = {92FF352F-13E3-470E-BC69-0E44ACC2D596}
		{51DE2BEA-F656-4704-AB9E-BC9E6BCED6C0} = {6660C9A9-D120-4D1C-845A-DFD91EE3E927}
		{FE1CE1B8-7ADD-4F2B-9C2B-8498EF2396B9} = {92FF352F-13E3-470E-BC69-0E44ACC2D596}
		{C64B5A0E-5FAC-4A1D-A512-2830E5021C46} = {FE1CE1B8-7ADD-4F2B-9C2B-8498EF2396B9}
		{9ACBCA37-5F49-4A89-85FF-52C0332E74CB} = {92FF352F-13E3-470E-BC69-0E44ACC2D596}
		{90688D1E-22F5-4E6D-96A1-83312A499A0D} = {9ACBCA37-5F49-4A89-85FF-52C0332E74CB}
	EndGlobalSection
	GlobalSection(ExtensibilityGlobals) = postSolution
		SolutionGuid = {A884C3B1-D4FA-431A-84A0-9A4F5B5801CE}
	EndGlobalSection
EndGlobal
